{
<<<<<<< HEAD
  "name": "saucedemo-qa-automationn",
=======
  "name": "saucedemo-qa-automation",
>>>>>>> 08b05fd82624c75887d93b180bf51dd68a3c05a0
  "version": "1.0.0",
  "lockfileVersion": 3,
  "requires": true,
  "packages": {
    "": {
<<<<<<< HEAD
      "name": "saucedemo-qa-automationn",
      "version": "1.0.0",
      "license": "ISC",
      "dependencies": {
        "@playwright/test": "^1.56.1"
      },
      "devDependencies": {
        "@types/node": "^24.9.0",
        "typescript": "^5.9.3"
      }
    },
    "node_modules/@playwright/test": {
      "version": "1.56.1",
      "resolved": "https://registry.npmjs.org/@playwright/test/-/test-1.56.1.tgz",
      "integrity": "sha512-vSMYtL/zOcFpvJCW71Q/OEGQb7KYBPAdKh35WNSkaZA75JlAO8ED8UN6GUNTm3drWomcbcqRPFqQbLae8yBTdg==",
      "dependencies": {
        "playwright": "1.56.1"
=======
      "name": "saucedemo-qa-automation",
      "version": "1.0.0",
      "devDependencies": {
        "@playwright/test": "^1.40.0",
        "@types/node": "^20.0.0",
        "typescript": "^5.3.0"
      }
    },
    "node_modules/@playwright/test": {
      "version": "1.56.0",
      "resolved": "https://registry.npmjs.org/@playwright/test/-/test-1.56.0.tgz",
      "integrity": "sha512-Tzh95Twig7hUwwNe381/K3PggZBZblKUe2wv25oIpzWLr6Z0m4KgV1ZVIjnR6GM9ANEqjZD7XsZEa6JL/7YEgg==",
      "dev": true,
      "dependencies": {
        "playwright": "1.56.0"
>>>>>>> 08b05fd82624c75887d93b180bf51dd68a3c05a0
      },
      "bin": {
        "playwright": "cli.js"
      },
      "engines": {
        "node": ">=18"
      }
    },
    "node_modules/@types/node": {
<<<<<<< HEAD
      "version": "24.9.0",
      "resolved": "https://registry.npmjs.org/@types/node/-/node-24.9.0.tgz",
      "integrity": "sha512-MKNwXh3seSK8WurXF7erHPJ2AONmMwkI7zAMrXZDPIru8jRqkk6rGDBVbw4mLwfqA+ZZliiDPg05JQ3uW66tKQ==",
      "dev": true,
      "dependencies": {
        "undici-types": "~7.16.0"
=======
      "version": "20.19.19",
      "resolved": "https://registry.npmjs.org/@types/node/-/node-20.19.19.tgz",
      "integrity": "sha512-pb1Uqj5WJP7wrcbLU7Ru4QtA0+3kAXrkutGiD26wUKzSMgNNaPARTUDQmElUXp64kh3cWdou3Q0C7qwwxqSFmg==",
      "dev": true,
      "dependencies": {
        "undici-types": "~6.21.0"
>>>>>>> 08b05fd82624c75887d93b180bf51dd68a3c05a0
      }
    },
    "node_modules/fsevents": {
      "version": "2.3.2",
      "resolved": "https://registry.npmjs.org/fsevents/-/fsevents-2.3.2.tgz",
      "integrity": "sha512-xiqMQR4xAeHTuB9uWm+fFRcIOgKBMiOBP+eXiyT7jsgVCq1bkVygt00oASowB7EdtpOHaaPgKt812P9ab+DDKA==",
<<<<<<< HEAD
=======
      "dev": true,
>>>>>>> 08b05fd82624c75887d93b180bf51dd68a3c05a0
      "hasInstallScript": true,
      "optional": true,
      "os": [
        "darwin"
      ],
      "engines": {
        "node": "^8.16.0 || ^10.6.0 || >=11.0.0"
      }
    },
    "node_modules/playwright": {
<<<<<<< HEAD
      "version": "1.56.1",
      "resolved": "https://registry.npmjs.org/playwright/-/playwright-1.56.1.tgz",
      "integrity": "sha512-aFi5B0WovBHTEvpM3DzXTUaeN6eN0qWnTkKx4NQaH4Wvcmc153PdaY2UBdSYKaGYw+UyWXSVyxDUg5DoPEttjw==",
      "dependencies": {
        "playwright-core": "1.56.1"
=======
      "version": "1.56.0",
      "resolved": "https://registry.npmjs.org/playwright/-/playwright-1.56.0.tgz",
      "integrity": "sha512-X5Q1b8lOdWIE4KAoHpW3SE8HvUB+ZZsUoN64ZhjnN8dOb1UpujxBtENGiZFE+9F/yhzJwYa+ca3u43FeLbboHA==",
      "dev": true,
      "dependencies": {
        "playwright-core": "1.56.0"
>>>>>>> 08b05fd82624c75887d93b180bf51dd68a3c05a0
      },
      "bin": {
        "playwright": "cli.js"
      },
      "engines": {
        "node": ">=18"
      },
      "optionalDependencies": {
        "fsevents": "2.3.2"
      }
    },
    "node_modules/playwright-core": {
<<<<<<< HEAD
      "version": "1.56.1",
      "resolved": "https://registry.npmjs.org/playwright-core/-/playwright-core-1.56.1.tgz",
      "integrity": "sha512-hutraynyn31F+Bifme+Ps9Vq59hKuUCz7H1kDOcBs+2oGguKkWTU50bBWrtz34OUWmIwpBTWDxaRPXrIXkgvmQ==",
=======
      "version": "1.56.0",
      "resolved": "https://registry.npmjs.org/playwright-core/-/playwright-core-1.56.0.tgz",
      "integrity": "sha512-1SXl7pMfemAMSDn5rkPeZljxOCYAmQnYLBTExuh6E8USHXGSX3dx6lYZN/xPpTz1vimXmPA9CDnILvmJaB8aSQ==",
      "dev": true,
>>>>>>> 08b05fd82624c75887d93b180bf51dd68a3c05a0
      "bin": {
        "playwright-core": "cli.js"
      },
      "engines": {
        "node": ">=18"
      }
    },
    "node_modules/typescript": {
      "version": "5.9.3",
      "resolved": "https://registry.npmjs.org/typescript/-/typescript-5.9.3.tgz",
      "integrity": "sha512-jl1vZzPDinLr9eUt3J/t7V6FgNEw9QjvBPdysz9KfQDD41fQrC2Y4vKQdiaUpFT4bXlb1RHhLpp8wtm6M5TgSw==",
      "dev": true,
      "bin": {
        "tsc": "bin/tsc",
        "tsserver": "bin/tsserver"
      },
      "engines": {
        "node": ">=14.17"
      }
    },
    "node_modules/undici-types": {
<<<<<<< HEAD
      "version": "7.16.0",
      "resolved": "https://registry.npmjs.org/undici-types/-/undici-types-7.16.0.tgz",
      "integrity": "sha512-Zz+aZWSj8LE6zoxD+xrjh4VfkIG8Ya6LvYkZqtUQGJPZjYl53ypCaUwWqo7eI0x66KBGeRo+mlBEkMSeSZ38Nw==",
=======
      "version": "6.21.0",
      "resolved": "https://registry.npmjs.org/undici-types/-/undici-types-6.21.0.tgz",
      "integrity": "sha512-iwDZqg0QAGrg9Rav5H4n0M64c3mkR59cJ6wQp+7C4nI0gsmExaedaYLNO44eT4AtBBwjbTiGPMlt2Md0T9H9JQ==",
>>>>>>> 08b05fd82624c75887d93b180bf51dd68a3c05a0
      "dev": true
    }
  }
}
